
Microsoft Visual Studio Solution File, Format Version 12.00
# Visual Studio 15
Project("{FAE04EC0-301F-11D3-BF4B-00C04F79EFBC}") = "Exersise1", "Exersise1\Exersise1.csproj", "{95C8679C-9893-4611-AD4D-C2732924F570}"
EndProject
Project("{FAE04EC0-301F-11D3-BF4B-00C04F79EFBC}") = "Exersise2", "Exersise2\Exersise2.csproj", "{58DA9E64-5BF1-44E4-B9F4-70E3A8C8668D}"
EndProject
Project("{FAE04EC0-301F-11D3-BF4B-00C04F79EFBC}") = "Exersise3", "Exersise3\Exersise3.csproj", "{F0022906-801F-4342-9FAA-0C96AE479709}"
EndProject
Project("{FAE04EC0-301F-11D3-BF4B-00C04F79EFBC}") = "Exersise4", "Exersise4\Exersise4.csproj", "{5BD20A40-3862-42FD-805B-B5E0BBA67B44}"
EndProject
Project("{FAE04EC0-301F-11D3-BF4B-00C04F79EFBC}") = "Exersise5", "Exersise5\Exersise5.csproj", "{5ACB089A-FEB2-4B53-8088-747C94A7554C}"
EndProject
Project("{FAE04EC0-301F-11D3-BF4B-00C04F79EFBC}") = "Exersise6", "Exersise6\Exersise6.csproj", "{68902047-43D5-48C6-8C33-11443D15B132}"
EndProject
Project("{FAE04EC0-301F-11D3-BF4B-00C04F79EFBC}") = "Exersise7", "Exersise7\Exersise7.csproj", "{923D7EC2-4B3E-48D0-8EF0-EA0AC48ACFA9}"
EndProject
Global
	GlobalSection(SolutionConfigurationPlatforms) = preSolution
		Debug|x86 = Debug|x86
		Release|x86 = Release|x86
	EndGlobalSection
	GlobalSection(ProjectConfigurationPlatforms) = postSolution
		{95C8679C-9893-4611-AD4D-C2732924F570}.Debug|x86.ActiveCfg = Debug|x86
		{95C8679C-9893-4611-AD4D-C2732924F570}.Debug|x86.Build.0 = Debug|x86
		{95C8679C-9893-4611-AD4D-C2732924F570}.Release|x86.ActiveCfg = Release|x86
		{95C8679C-9893-4611-AD4D-C2732924F570}.Release|x86.Build.0 = Release|x86
		{58DA9E64-5BF1-44E4-B9F4-70E3A8C8668D}.Debug|x86.ActiveCfg = Debug|x86
		{58DA9E64-5BF1-44E4-B9F4-70E3A8C8668D}.Debug|x86.Build.0 = Debug|x86
		{58DA9E64-5BF1-44E4-B9F4-70E3A8C8668D}.Release|x86.ActiveCfg = Release|x86
		{58DA9E64-5BF1-44E4-B9F4-70E3A8C8668D}.Release|x86.Build.0 = Release|x86
		{F0022906-801F-4342-9FAA-0C96AE479709}.Debug|x86.ActiveCfg = Debug|x86
		{F0022906-801F-4342-9FAA-0C96AE479709}.Debug|x86.Build.0 = Debug|x86
		{F0022906-801F-4342-9FAA-0C96AE479709}.Release|x86.ActiveCfg = Release|x86
		{F0022906-801F-4342-9FAA-0C96AE479709}.Release|x86.Build.0 = Release|x86
		{5BD20A40-3862-42FD-805B-B5E0BBA67B44}.Debug|x86.ActiveCfg = Debug|x86
		{5BD20A40-3862-42FD-805B-B5E0BBA67B44}.Debug|x86.Build.0 = Debug|x86
		{5BD20A40-3862-42FD-805B-B5E0BBA67B44}.Release|x86.ActiveCfg = Release|x86
		{5BD20A40-3862-42FD-805B-B5E0BBA67B44}.Release|x86.Build.0 = Release|x86
		{5ACB089A-FEB2-4B53-8088-747C94A7554C}.Debug|x86.ActiveCfg = Debug|x86
		{5ACB089A-FEB2-4B53-8088-747C94A7554C}.Debug|x86.Build.0 = Debug|x86
		{5ACB089A-FEB2-4B53-8088-747C94A7554C}.Release|x86.ActiveCfg = Release|x86
		{5ACB089A-FEB2-4B53-8088-747C94A7554C}.Release|x86.Build.0 = Release|x86
		{68902047-43D5-48C6-8C33-11443D15B132}.Debug|x86.ActiveCfg = Debug|x86
		{68902047-43D5-48C6-8C33-11443D15B132}.Debug|x86.Build.0 = Debug|x86
		{68902047-43D5-48C6-8C33-11443D15B132}.Release|x86.ActiveCfg = Release|x86
		{68902047-43D5-48C6-8C33-11443D15B132}.Release|x86.Build.0 = Release|x86
		{923D7EC2-4B3E-48D0-8EF0-EA0AC48ACFA9}.Debug|x86.ActiveCfg = Debug|x86
		{923D7EC2-4B3E-48D0-8EF0-EA0AC48ACFA9}.Debug|x86.Build.0 = Debug|x86
		{923D7EC2-4B3E-48D0-8EF0-EA0AC48ACFA9}.Release|x86.ActiveCfg = Release|x86
		{923D7EC2-4B3E-48D0-8EF0-EA0AC48ACFA9}.Release|x86.Build.0 = Release|x86
	EndGlobalSection
EndGlobal
